
Microsoft Visual Studio Solution File, Format Version 12.00
# Visual Studio Version 16
VisualStudioVersion = 16.0.29613.14
MinimumVisualStudioVersion = 10.0.40219.1
Project("{9A19103F-16F7-4668-BE54-9A1E7A4F7556}") = "PopPopPotholesAPI", "PopPopPotholesAPI\PopPopPotholesAPI.csproj", "{2AFFABDB-840B-4E97-A940-DD07FD3DA84F}"
EndProject
Project("{9A19103F-16F7-4668-BE54-9A1E7A4F7556}") = "PopPopPotholesAPI.Test", "PopPopPotholesAPI.Test\PopPopPotholesAPI.Test.csproj", "{F09D673F-FD7E-4408-B800-3164060EE41B}"
EndProject
Project("{9A19103F-16F7-4668-BE54-9A1E7A4F7556}") = "PopPopPotholesAPI.Domain", "PopPopPotholesAPI.Domain\PopPopPotholesAPI.Domain.csproj", "{F3EC25E8-FD70-4270-8CF2-36F53C11F6BF}"
EndProject
Project("{9A19103F-16F7-4668-BE54-9A1E7A4F7556}") = "PopPopLib", "PopPopLib\PopPopLib.csproj", "{D389C90D-8062-4122-9191-8FE683D47457}"
EndProject
Global
	GlobalSection(SolutionConfigurationPlatforms) = preSolution
		Debug|Any CPU = Debug|Any CPU
		Release|Any CPU = Release|Any CPU
	EndGlobalSection
	GlobalSection(ProjectConfigurationPlatforms) = postSolution
		{2AFFABDB-840B-4E97-A940-DD07FD3DA84F}.Debug|Any CPU.ActiveCfg = Debug|Any CPU
		{2AFFABDB-840B-4E97-A940-DD07FD3DA84F}.Debug|Any CPU.Build.0 = Debug|Any CPU
		{2AFFABDB-840B-4E97-A940-DD07FD3DA84F}.Release|Any CPU.ActiveCfg = Release|Any CPU
		{2AFFABDB-840B-4E97-A940-DD07FD3DA84F}.Release|Any CPU.Build.0 = Release|Any CPU
		{F09D673F-FD7E-4408-B800-3164060EE41B}.Debug|Any CPU.ActiveCfg = Debug|Any CPU
		{F09D673F-FD7E-4408-B800-3164060EE41B}.Debug|Any CPU.Build.0 = Debug|Any CPU
		{F09D673F-FD7E-4408-B800-3164060EE41B}.Release|Any CPU.ActiveCfg = Release|Any CPU
		{F09D673F-FD7E-4408-B800-3164060EE41B}.Release|Any CPU.Build.0 = Release|Any CPU
		{F3EC25E8-FD70-4270-8CF2-36F53C11F6BF}.Debug|Any CPU.ActiveCfg = Debug|Any CPU
		{F3EC25E8-FD70-4270-8CF2-36F53C11F6BF}.Debug|Any CPU.Build.0 = Debug|Any CPU
		{F3EC25E8-FD70-4270-8CF2-36F53C11F6BF}.Release|Any CPU.ActiveCfg = Release|Any CPU
		{F3EC25E8-FD70-4270-8CF2-36F53C11F6BF}.Release|Any CPU.Build.0 = Release|Any CPU
		{D389C90D-8062-4122-9191-8FE683D47457}.Debug|Any CPU.ActiveCfg = Debug|Any CPU
		{D389C90D-8062-4122-9191-8FE683D47457}.Debug|Any CPU.Build.0 = Debug|Any CPU
		{D389C90D-8062-4122-9191-8FE683D47457}.Release|Any CPU.ActiveCfg = Release|Any CPU
		{D389C90D-8062-4122-9191-8FE683D47457}.Release|Any CPU.Build.0 = Release|Any CPU
	EndGlobalSection
	GlobalSection(SolutionProperties) = preSolution
		HideSolutionNode = FALSE
	EndGlobalSection
	GlobalSection(ExtensibilityGlobals) = postSolution
		SolutionGuid = {FBD7C0FE-10BC-489C-8D5D-604D71AB9A64}
	EndGlobalSection
EndGlobal
